// !$*UTF8*$!
{
	archiveVersion = 1;
	classes = {
	};
	objectVersion = 50;
	objects = {

/* Begin PBXBuildFile section */
		07E9142523FCDA590049BF7A /* AppDelegate.swift in Sources */ = {isa = PBXBuildFile; fileRef = 07E9142423FCDA590049BF7A /* AppDelegate.swift */; };
		07E9142723FCDA590049BF7A /* SceneDelegate.swift in Sources */ = {isa = PBXBuildFile; fileRef = 07E9142623FCDA590049BF7A /* SceneDelegate.swift */; };
		07E9142923FCDA590049BF7A /* firstScreen.swift in Sources */ = {isa = PBXBuildFile; fileRef = 07E9142823FCDA590049BF7A /* firstScreen.swift */; };
		07E9142C23FCDA590049BF7A /* Main.storyboard in Resources */ = {isa = PBXBuildFile; fileRef = 07E9142A23FCDA590049BF7A /* Main.storyboard */; };
		07E9142F23FCDA590049BF7A /* GitHub_Project.xcdatamodeld in Sources */ = {isa = PBXBuildFile; fileRef = 07E9142D23FCDA590049BF7A /* GitHub_Project.xcdatamodeld */; };
		07E9143123FCDA5A0049BF7A /* Assets.xcassets in Resources */ = {isa = PBXBuildFile; fileRef = 07E9143023FCDA5A0049BF7A /* Assets.xcassets */; };
		07E9143423FCDA5A0049BF7A /* LaunchScreen.storyboard in Resources */ = {isa = PBXBuildFile; fileRef = 07E9143223FCDA5A0049BF7A /* LaunchScreen.storyboard */; };
		07E9144023FD07C50049BF7A /* Model.swift in Sources */ = {isa = PBXBuildFile; fileRef = 07E9143F23FD07C40049BF7A /* Model.swift */; };
		07E9144223FD0F420049BF7A /* InfoRequest.swift in Sources */ = {isa = PBXBuildFile; fileRef = 07E9144123FD0F420049BF7A /* InfoRequest.swift */; };
/* End PBXBuildFile section */

/* Begin PBXFileReference section */
		07E9142123FCDA590049BF7A /* GitHub_Project.app */ = {isa = PBXFileReference; explicitFileType = wrapper.application; includeInIndex = 0; path = GitHub_Project.app; sourceTree = BUILT_PRODUCTS_DIR; };
		07E9142423FCDA590049BF7A /* AppDelegate.swift */ = {isa = PBXFileReference; lastKnownFileType = sourcecode.swift; path = AppDelegate.swift; sourceTree = "<group>"; };
		07E9142623FCDA590049BF7A /* SceneDelegate.swift */ = {isa = PBXFileReference; lastKnownFileType = sourcecode.swift; path = SceneDelegate.swift; sourceTree = "<group>"; };
		07E9142823FCDA590049BF7A /* firstScreen.swift */ = {isa = PBXFileReference; lastKnownFileType = sourcecode.swift; path = firstScreen.swift; sourceTree = "<group>"; };
		07E9142B23FCDA590049BF7A /* Base */ = {isa = PBXFileReference; lastKnownFileType = file.storyboard; name = Base; path = Base.lproj/Main.storyboard; sourceTree = "<group>"; };
		07E9142E23FCDA590049BF7A /* GitHub_Project.xcdatamodel */ = {isa = PBXFileReference; lastKnownFileType = wrapper.xcdatamodel; path = GitHub_Project.xcdatamodel; sourceTree = "<group>"; };
		07E9143023FCDA5A0049BF7A /* Assets.xcassets */ = {isa = PBXFileReference; lastKnownFileType = folder.assetcatalog; path = Assets.xcassets; sourceTree = "<group>"; };
		07E9143323FCDA5A0049BF7A /* Base */ = {isa = PBXFileReference; lastKnownFileType = file.storyboard; name = Base; path = Base.lproj/LaunchScreen.storyboard; sourceTree = "<group>"; };
		07E9143523FCDA5A0049BF7A /* Info.plist */ = {isa = PBXFileReference; lastKnownFileType = text.plist.xml; path = Info.plist; sourceTree = "<group>"; };
		07E9143F23FD07C40049BF7A /* Model.swift */ = {isa = PBXFileReference; lastKnownFileType = sourcecode.swift; path = Model.swift; sourceTree = "<group>"; };
		07E9144123FD0F420049BF7A /* InfoRequest.swift */ = {isa = PBXFileReference; lastKnownFileType = sourcecode.swift; path = InfoRequest.swift; sourceTree = "<group>"; };
/* End PBXFileReference section */

/* Begin PBXFrameworksBuildPhase section */
		07E9141E23FCDA590049BF7A /* Frameworks */ = {
			isa = PBXFrameworksBuildPhase;
			buildActionMask = 2147483647;
			files = (
			);
			runOnlyForDeploymentPostprocessing = 0;
		};
/* End PBXFrameworksBuildPhase section */

/* Begin PBXGroup section */
		07E9141823FCDA590049BF7A = {
			isa = PBXGroup;
			children = (
				07E9142323FCDA590049BF7A /* GitHub_Project */,
				07E9142223FCDA590049BF7A /* Products */,
			);
			sourceTree = "<group>";
		};
		07E9142223FCDA590049BF7A /* Products */ = {
			isa = PBXGroup;
			children = (
				07E9142123FCDA590049BF7A /* GitHub_Project.app */,
			);
			name = Products;
			sourceTree = "<group>";
		};
		07E9142323FCDA590049BF7A /* GitHub_Project */ = {
			isa = PBXGroup;
			children = (
				07E9144523FDD99E0049BF7A /* View */,
				07E9144423FDD96A0049BF7A /* Model */,
				07E9144323FDD95B0049BF7A /* Controller */,
				07E9142423FCDA590049BF7A /* AppDelegate.swift */,
				07E9142623FCDA590049BF7A /* SceneDelegate.swift */,
				07E9143023FCDA5A0049BF7A /* Assets.xcassets */,
				07E9143523FCDA5A0049BF7A /* Info.plist */,
				07E9142D23FCDA590049BF7A /* GitHub_Project.xcdatamodeld */,
			);
			path = GitHub_Project;
			sourceTree = "<group>";
		};
		07E9144323FDD95B0049BF7A /* Controller */ = {
			isa = PBXGroup;
			children = (
				07E9142823FCDA590049BF7A /* firstScreen.swift */,
			);
			path = Controller;
			sourceTree = "<group>";
		};
		07E9144423FDD96A0049BF7A /* Model */ = {
			isa = PBXGroup;
			children = (
				07E9144123FD0F420049BF7A /* InfoRequest.swift */,
				07E9143F23FD07C40049BF7A /* Model.swift */,
			);
			path = Model;
			sourceTree = "<group>";
		};
		07E9144523FDD99E0049BF7A /* View */ = {
			isa = PBXGroup;
			children = (
				07E9143223FCDA5A0049BF7A /* LaunchScreen.storyboard */,
				07E9142A23FCDA590049BF7A /* Main.storyboard */,
			);
			path = View;
			sourceTree = "<group>";
		};
/* End PBXGroup section */

/* Begin PBXNativeTarget section */
		07E9142023FCDA590049BF7A /* GitHub_Project */ = {
			isa = PBXNativeTarget;
			buildConfigurationList = 07E9143823FCDA5A0049BF7A /* Build configuration list for PBXNativeTarget "GitHub_Project" */;
			buildPhases = (
				07E9141D23FCDA590049BF7A /* Sources */,
				07E9141E23FCDA590049BF7A /* Frameworks */,
				07E9141F23FCDA590049BF7A /* Resources */,
			);
			buildRules = (
			);
			dependencies = (
			);
			name = GitHub_Project;
			productName = GitHub_Project;
			productReference = 07E9142123FCDA590049BF7A /* GitHub_Project.app */;
			productType = "com.apple.product-type.application";
		};
/* End PBXNativeTarget section */

/* Begin PBXProject section */
		07E9141923FCDA590049BF7A /* Project object */ = {
			isa = PBXProject;
			attributes = {
				LastSwiftUpdateCheck = 1130;
				LastUpgradeCheck = 1130;
				ORGANIZATIONNAME = "Aakash Adhikari";
				TargetAttributes = {
					07E9142023FCDA590049BF7A = {
						CreatedOnToolsVersion = 11.3.1;
					};
				};
			};
			buildConfigurationList = 07E9141C23FCDA590049BF7A /* Build configuration list for PBXProject "GitHub_Project" */;
			compatibilityVersion = "Xcode 9.3";
			developmentRegion = en;
			hasScannedForEncodings = 0;
			knownRegions = (
				en,
				Base,
			);
			mainGroup = 07E9141823FCDA590049BF7A;
			productRefGroup = 07E9142223FCDA590049BF7A /* Products */;
			projectDirPath = "";
			projectRoot = "";
			targets = (
				07E9142023FCDA590049BF7A /* GitHub_Project */,
			);
		};
/* End PBXProject section */

/* Begin PBXResourcesBuildPhase section */
		07E9141F23FCDA590049BF7A /* Resources */ = {
			isa = PBXResourcesBuildPhase;
			buildActionMask = 2147483647;
			files = (
				07E9143423FCDA5A0049BF7A /* LaunchScreen.storyboard in Resources */,
				07E9143123FCDA5A0049BF7A /* Assets.xcassets in Resources */,
				07E9142C23FCDA590049BF7A /* Main.storyboard in Resources */,
			);
			runOnlyForDeploymentPostprocessing = 0;
		};
/* End PBXResourcesBuildPhase section */

/* Begin PBXSourcesBuildPhase section */
		07E9141D23FCDA590049BF7A /* Sources */ = {
			isa = PBXSourcesBuildPhase;
			buildActionMask = 2147483647;
			files = (
				07E9144023FD07C50049BF7A /* Model.swift in Sources */,
				07E9144223FD0F420049BF7A /* InfoRequest.swift in Sources */,
				07E9142F23FCDA590049BF7A /* GitHub_Project.xcdatamodeld in Sources */,
				07E9142923FCDA590049BF7A /* firstScreen.swift in Sources */,
				07E9142523FCDA590049BF7A /* AppDelegate.swift in Sources */,
				07E9142723FCDA590049BF7A /* SceneDelegate.swift in Sources */,
			);
			runOnlyForDeploymentPostprocessing = 0;
		};
/* End PBXSourcesBuildPhase section */

/* Begin PBXVariantGroup section */
		07E9142A23FCDA590049BF7A /* Main.storyboard */ = {
			isa = PBXVariantGroup;
			children = (
				07E9142B23FCDA590049BF7A /* Base */,
			);
			name = Main.storyboard;
			sourceTree = "<group>";
		};
		07E9143223FCDA5A0049BF7A /* LaunchScreen.storyboard */ = {
			isa = PBXVariantGroup;
			children = (
				07E9143323FCDA5A0049BF7A /* Base */,
			);
			name = LaunchScreen.storyboard;
			sourceTree = "<group>";
		};
/* End PBXVariantGroup section */

/* Begin XCBuildConfiguration section */
		07E9143623FCDA5A0049BF7A /* Debug */ = {
			isa = XCBuildConfiguration;
			buildSettings = {
				ALWAYS_SEARCH_USER_PATHS = NO;
				CLANG_ANALYZER_NONNULL = YES;
				CLANG_ANALYZER_NUMBER_OBJECT_CONVERSION = YES_AGGRESSIVE;
				CLANG_CXX_LANGUAGE_STANDARD = "gnu++14";
				CLANG_CXX_LIBRARY = "libc++";
				CLANG_ENABLE_MODULES = YES;
				CLANG_ENABLE_OBJC_ARC = YES;
				CLANG_ENABLE_OBJC_WEAK = YES;
				CLANG_WARN_BLOCK_CAPTURE_AUTORELEASING = YES;
				CLANG_WARN_BOOL_CONVERSION = YES;
				CLANG_WARN_COMMA = YES;
				CLANG_WARN_CONSTANT_CONVERSION = YES;
				CLANG_WARN_DEPRECATED_OBJC_IMPLEMENTATIONS = YES;
				CLANG_WARN_DIRECT_OBJC_ISA_USAGE = YES_ERROR;
				CLANG_WARN_DOCUMENTATION_COMMENTS = YES;
				CLANG_WARN_EMPTY_BODY = YES;
				CLANG_WARN_ENUM_CONVERSION = YES;
				CLANG_WARN_INFINITE_RECURSION = YES;
				CLANG_WARN_INT_CONVERSION = YES;
				CLANG_WARN_NON_LITERAL_NULL_CONVERSION = YES;
				CLANG_WARN_OBJC_IMPLICIT_RETAIN_SELF = YES;
				CLANG_WARN_OBJC_LITERAL_CONVERSION = YES;
				CLANG_WARN_OBJC_ROOT_CLASS = YES_ERROR;
				CLANG_WARN_RANGE_LOOP_ANALYSIS = YES;
				CLANG_WARN_STRICT_PROTOTYPES = YES;
				CLANG_WARN_SUSPICIOUS_MOVE = YES;
				CLANG_WARN_UNGUARDED_AVAILABILITY = YES_AGGRESSIVE;
				CLANG_WARN_UNREACHABLE_CODE = YES;
				CLANG_WARN__DUPLICATE_METHOD_MATCH = YES;
				COPY_PHASE_STRIP = NO;
				DEBUG_INFORMATION_FORMAT = dwarf;
				ENABLE_STRICT_OBJC_MSGSEND = YES;
				ENABLE_TESTABILITY = YES;
				GCC_C_LANGUAGE_STANDARD = gnu11;
				GCC_DYNAMIC_NO_PIC = NO;
				GCC_NO_COMMON_BLOCKS = YES;
				GCC_OPTIMIZATION_LEVEL = 0;
				GCC_PREPROCESSOR_DEFINITIONS = (
					"DEBUG=1",
					"$(inherited)",
				);
				GCC_WARN_64_TO_32_BIT_CONVERSION = YES;
				GCC_WARN_ABOUT_RETURN_TYPE = YES_ERROR;
				GCC_WARN_UNDECLARED_SELECTOR = YES;
				GCC_WARN_UNINITIALIZED_AUTOS = YES_AGGRESSIVE;
				GCC_WARN_UNUSED_FUNCTION = YES;
				GCC_WARN_UNUSED_VARIABLE = YES;
				IPHONEOS_DEPLOYMENT_TARGET = 13.2;
				MTL_ENABLE_DEBUG_INFO = INCLUDE_SOURCE;
				MTL_FAST_MATH = YES;
				ONLY_ACTIVE_ARCH = YES;
				SDKROOT = iphoneos;
				SWIFT_ACTIVE_COMPILATION_CONDITIONS = DEBUG;
				SWIFT_OPTIMIZATION_LEVEL = "-Onone";
			};
			name = Debug;
		};
		07E9143723FCDA5A0049BF7A /* Release */ = {
			isa = XCBuildConfiguration;
			buildSettings = {
				ALWAYS_SEARCH_USER_PATHS = NO;
				CLANG_ANALYZER_NONNULL = YES;
				CLANG_ANALYZER_NUMBER_OBJECT_CONVERSION = YES_AGGRESSIVE;
				CLANG_CXX_LANGUAGE_STANDARD = "gnu++14";
				CLANG_CXX_LIBRARY = "libc++";
				CLANG_ENABLE_MODULES = YES;
				CLANG_ENABLE_OBJC_ARC = YES;
				CLANG_ENABLE_OBJC_WEAK = YES;
				CLANG_WARN_BLOCK_CAPTURE_AUTORELEASING = YES;
				CLANG_WARN_BOOL_CONVERSION = YES;
				CLANG_WARN_COMMA = YES;
				CLANG_WARN_CONSTANT_CONVERSION = YES;
				CLANG_WARN_DEPRECATED_OBJC_IMPLEMENTATIONS = YES;
				CLANG_WARN_DIRECT_OBJC_ISA_USAGE = YES_ERROR;
				CLANG_WARN_DOCUMENTATION_COMMENTS = YES;
				CLANG_WARN_EMPTY_BODY = YES;
				CLANG_WARN_ENUM_CONVERSION = YES;
				CLANG_WARN_INFINITE_RECURSION = YES;
				CLANG_WARN_INT_CONVERSION = YES;
				CLANG_WARN_NON_LITERAL_NULL_CONVERSION = YES;
				CLANG_WARN_OBJC_IMPLICIT_RETAIN_SELF = YES;
				CLANG_WARN_OBJC_LITERAL_CONVERSION = YES;
				CLANG_WARN_OBJC_ROOT_CLASS = YES_ERROR;
				CLANG_WARN_RANGE_LOOP_ANALYSIS = YES;
				CLANG_WARN_STRICT_PROTOTYPES = YES;
				CLANG_WARN_SUSPICIOUS_MOVE = YES;
				CLANG_WARN_UNGUARDED_AVAILABILITY = YES_AGGRESSIVE;
				CLANG_WARN_UNREACHABLE_CODE = YES;
				CLANG_WARN__DUPLICATE_METHOD_MATCH = YES;
				COPY_PHASE_STRIP = NO;
				DEBUG_INFORMATION_FORMAT = "dwarf-with-dsym";
				ENABLE_NS_ASSERTIONS = NO;
				ENABLE_STRICT_OBJC_MSGSEND = YES;
				GCC_C_LANGUAGE_STANDARD = gnu11;
				GCC_NO_COMMON_BLOCKS = YES;
				GCC_WARN_64_TO_32_BIT_CONVERSION = YES;
				GCC_WARN_ABOUT_RETURN_TYPE = YES_ERROR;
				GCC_WARN_UNDECLARED_SELECTOR = YES;
				GCC_WARN_UNINITIALIZED_AUTOS = YES_AGGRESSIVE;
				GCC_WARN_UNUSED_FUNCTION = YES;
				GCC_WARN_UNUSED_VARIABLE = YES;
				IPHONEOS_DEPLOYMENT_TARGET = 13.2;
				MTL_ENABLE_DEBUG_INFO = NO;
				MTL_FAST_MATH = YES;
				SDKROOT = iphoneos;
				SWIFT_COMPILATION_MODE = wholemodule;
				SWIFT_OPTIMIZATION_LEVEL = "-O";
				VALIDATE_PRODUCT = YES;
			};
			name = Release;
		};
		07E9143923FCDA5A0049BF7A /* Debug */ = {
			isa = XCBuildConfiguration;
			buildSettings = {
				ASSETCATALOG_COMPILER_APPICON_NAME = AppIcon;
				CODE_SIGN_STYLE = Automatic;
				DEVELOPMENT_TEAM = 8N8JFHRVG7;
				INFOPLIST_FILE = GitHub_Project/Info.plist;
				LD_RUNPATH_SEARCH_PATHS = (
					"$(inherited)",
					"@executable_path/Frameworks",
				);
				PRODUCT_BUNDLE_IDENTIFIER = "aakash.GitHub-Project";
				PRODUCT_NAME = "$(TARGET_NAME)";
				SWIFT_VERSION = 5.0;
				TARGETED_DEVICE_FAMILY = "1,2";
			};
			name = Debug;
		};
		07E9143A23FCDA5A0049BF7A /* Release */ = {
			isa = XCBuildConfiguration;
			buildSettings = {
				ASSETCATALOG_COMPILER_APPICON_NAME = AppIcon;
				CODE_SIGN_STYLE = Automatic;
				DEVELOPMENT_TEAM = 8N8JFHRVG7;
				INFOPLIST_FILE = GitHub_Project/Info.plist;
				LD_RUNPATH_SEARCH_PATHS = (
					"$(inherited)",
					"@executable_path/Frameworks",
				);
				PRODUCT_BUNDLE_IDENTIFIER = "aakash.GitHub-Project";
				PRODUCT_NAME = "$(TARGET_NAME)";
				SWIFT_VERSION = 5.0;
				TARGETED_DEVICE_FAMILY = "1,2";
			};
			name = Release;
		};
/* End XCBuildConfiguration section */

/* Begin XCConfigurationList section */
		07E9141C23FCDA590049BF7A /* Build configuration list for PBXProject "GitHub_Project" */ = {
			isa = XCConfigurationList;
			buildConfigurations = (
				07E9143623FCDA5A0049BF7A /* Debug */,
				07E9143723FCDA5A0049BF7A /* Release */,
			);
			defaultConfigurationIsVisible = 0;
			defaultConfigurationName = Release;
		};
		07E9143823FCDA5A0049BF7A /* Build configuration list for PBXNativeTarget "GitHub_Project" */ = {
			isa = XCConfigurationList;
			buildConfigurations = (
				07E9143923FCDA5A0049BF7A /* Debug */,
				07E9143A23FCDA5A0049BF7A /* Release */,
			);
			defaultConfigurationIsVisible = 0;
			defaultConfigurationName = Release;
		};
/* End XCConfigurationList section */

/* Begin XCVersionGroup section */
		07E9142D23FCDA590049BF7A /* GitHub_Project.xcdatamodeld */ = {
			isa = XCVersionGroup;
			children = (
				07E9142E23FCDA590049BF7A /* GitHub_Project.xcdatamodel */,
			);
			currentVersion = 07E9142E23FCDA590049BF7A /* GitHub_Project.xcdatamodel */;
			path = GitHub_Project.xcdatamodeld;
			sourceTree = "<group>";
			versionGroupType = wrapper.xcdatamodel;
		};
/* End XCVersionGroup section */
	};
	rootObject = 07E9141923FCDA590049BF7A /* Project object */;
}
